// !$*UTF8*$!
{
	archiveVersion = 1;
	classes = {
	};
	objectVersion = 56;
	objects = {

/* Begin PBXBuildFile section */
		198577532AD3E0550025F615 /* AppDelegate.swift in Sources */ = {isa = PBXBuildFile; fileRef = 198577522AD3E0550025F615 /* AppDelegate.swift */; };
		198577572AD3E0550025F615 /* ViewController.swift in Sources */ = {isa = PBXBuildFile; fileRef = 198577562AD3E0550025F615 /* ViewController.swift */; };
		1985775C2AD3E0570025F615 /* Assets.xcassets in Resources */ = {isa = PBXBuildFile; fileRef = 1985775B2AD3E0570025F615 /* Assets.xcassets */; };
		1985775F2AD3E0570025F615 /* LaunchScreen.storyboard in Resources */ = {isa = PBXBuildFile; fileRef = 1985775D2AD3E0570025F615 /* LaunchScreen.storyboard */; };
		1985776A2AD3E0580025F615 /* Anime_Movie_AppTests.swift in Sources */ = {isa = PBXBuildFile; fileRef = 198577692AD3E0580025F615 /* Anime_Movie_AppTests.swift */; };
		198577742AD3E0580025F615 /* Anime_Movie_AppUITests.swift in Sources */ = {isa = PBXBuildFile; fileRef = 198577732AD3E0580025F615 /* Anime_Movie_AppUITests.swift */; };
		198577762AD3E0580025F615 /* Anime_Movie_AppUITestsLaunchTests.swift in Sources */ = {isa = PBXBuildFile; fileRef = 198577752AD3E0580025F615 /* Anime_Movie_AppUITestsLaunchTests.swift */; };
		198577872AD3E3AA0025F615 /* HomeViewController.swift in Sources */ = {isa = PBXBuildFile; fileRef = 198577852AD3E3AA0025F615 /* HomeViewController.swift */; };
		198577882AD3E3AA0025F615 /* HomeViewController.xib in Resources */ = {isa = PBXBuildFile; fileRef = 198577862AD3E3AA0025F615 /* HomeViewController.xib */; };
		1985778A2AD3EA2F0025F615 /* MainNavigationController.swift in Sources */ = {isa = PBXBuildFile; fileRef = 198577892AD3EA2F0025F615 /* MainNavigationController.swift */; };
/* End PBXBuildFile section */

/* Begin PBXContainerItemProxy section */
		198577662AD3E0580025F615 /* PBXContainerItemProxy */ = {
			isa = PBXContainerItemProxy;
			containerPortal = 198577472AD3E0550025F615 /* Project object */;
			proxyType = 1;
			remoteGlobalIDString = 1985774E2AD3E0550025F615;
			remoteInfo = "Anime Movie App";
		};
		198577702AD3E0580025F615 /* PBXContainerItemProxy */ = {
			isa = PBXContainerItemProxy;
			containerPortal = 198577472AD3E0550025F615 /* Project object */;
			proxyType = 1;
			remoteGlobalIDString = 1985774E2AD3E0550025F615;
			remoteInfo = "Anime Movie App";
		};
/* End PBXContainerItemProxy section */

/* Begin PBXFileReference section */
		1985774F2AD3E0550025F615 /* Anime Movie App.app */ = {isa = PBXFileReference; explicitFileType = wrapper.application; includeInIndex = 0; path = "Anime Movie App.app"; sourceTree = BUILT_PRODUCTS_DIR; };
		198577522AD3E0550025F615 /* AppDelegate.swift */ = {isa = PBXFileReference; lastKnownFileType = sourcecode.swift; path = AppDelegate.swift; sourceTree = "<group>"; };
		198577562AD3E0550025F615 /* ViewController.swift */ = {isa = PBXFileReference; lastKnownFileType = sourcecode.swift; path = ViewController.swift; sourceTree = "<group>"; };
		1985775B2AD3E0570025F615 /* Assets.xcassets */ = {isa = PBXFileReference; lastKnownFileType = folder.assetcatalog; path = Assets.xcassets; sourceTree = "<group>"; };
		1985775E2AD3E0570025F615 /* Base */ = {isa = PBXFileReference; lastKnownFileType = file.storyboard; name = Base; path = Base.lproj/LaunchScreen.storyboard; sourceTree = "<group>"; };
		198577602AD3E0570025F615 /* Info.plist */ = {isa = PBXFileReference; lastKnownFileType = text.plist.xml; path = Info.plist; sourceTree = "<group>"; };
		198577652AD3E0580025F615 /* Anime Movie AppTests.xctest */ = {isa = PBXFileReference; explicitFileType = wrapper.cfbundle; includeInIndex = 0; path = "Anime Movie AppTests.xctest"; sourceTree = BUILT_PRODUCTS_DIR; };
		198577692AD3E0580025F615 /* Anime_Movie_AppTests.swift */ = {isa = PBXFileReference; lastKnownFileType = sourcecode.swift; path = Anime_Movie_AppTests.swift; sourceTree = "<group>"; };
		1985776F2AD3E0580025F615 /* Anime Movie AppUITests.xctest */ = {isa = PBXFileReference; explicitFileType = wrapper.cfbundle; includeInIndex = 0; path = "Anime Movie AppUITests.xctest"; sourceTree = BUILT_PRODUCTS_DIR; };
		198577732AD3E0580025F615 /* Anime_Movie_AppUITests.swift */ = {isa = PBXFileReference; lastKnownFileType = sourcecode.swift; path = Anime_Movie_AppUITests.swift; sourceTree = "<group>"; };
		198577752AD3E0580025F615 /* Anime_Movie_AppUITestsLaunchTests.swift */ = {isa = PBXFileReference; lastKnownFileType = sourcecode.swift; path = Anime_Movie_AppUITestsLaunchTests.swift; sourceTree = "<group>"; };
		198577852AD3E3AA0025F615 /* HomeViewController.swift */ = {isa = PBXFileReference; lastKnownFileType = sourcecode.swift; path = HomeViewController.swift; sourceTree = "<group>"; };
		198577862AD3E3AA0025F615 /* HomeViewController.xib */ = {isa = PBXFileReference; lastKnownFileType = file.xib; path = HomeViewController.xib; sourceTree = "<group>"; };
		198577892AD3EA2F0025F615 /* MainNavigationController.swift */ = {isa = PBXFileReference; lastKnownFileType = sourcecode.swift; path = MainNavigationController.swift; sourceTree = "<group>"; };
/* End PBXFileReference section */

/* Begin PBXFrameworksBuildPhase section */
		1985774C2AD3E0550025F615 /* Frameworks */ = {
			isa = PBXFrameworksBuildPhase;
			buildActionMask = 2147483647;
			files = (
			);
			runOnlyForDeploymentPostprocessing = 0;
		};
		198577622AD3E0580025F615 /* Frameworks */ = {
			isa = PBXFrameworksBuildPhase;
			buildActionMask = 2147483647;
			files = (
			);
			runOnlyForDeploymentPostprocessing = 0;
		};
		1985776C2AD3E0580025F615 /* Frameworks */ = {
			isa = PBXFrameworksBuildPhase;
			buildActionMask = 2147483647;
			files = (
			);
			runOnlyForDeploymentPostprocessing = 0;
		};
/* End PBXFrameworksBuildPhase section */

/* Begin PBXGroup section */
		198577462AD3E0550025F615 = {
			isa = PBXGroup;
			children = (
				198577512AD3E0550025F615 /* Anime Movie App */,
				198577682AD3E0580025F615 /* Anime Movie AppTests */,
				198577722AD3E0580025F615 /* Anime Movie AppUITests */,
				198577502AD3E0550025F615 /* Products */,
			);
			sourceTree = "<group>";
		};
		198577502AD3E0550025F615 /* Products */ = {
			isa = PBXGroup;
			children = (
				1985774F2AD3E0550025F615 /* Anime Movie App.app */,
				198577652AD3E0580025F615 /* Anime Movie AppTests.xctest */,
				1985776F2AD3E0580025F615 /* Anime Movie AppUITests.xctest */,
			);
			name = Products;
			sourceTree = "<group>";
		};
		198577512AD3E0550025F615 /* Anime Movie App */ = {
			isa = PBXGroup;
			children = (
				198577842AD3E1960025F615 /* Models */,
				198577832AD3E1890025F615 /* Views */,
				198577822AD3E17B0025F615 /* ViewModels */,
				198577522AD3E0550025F615 /* AppDelegate.swift */,
				198577562AD3E0550025F615 /* ViewController.swift */,
				1985775B2AD3E0570025F615 /* Assets.xcassets */,
				1985775D2AD3E0570025F615 /* LaunchScreen.storyboard */,
				198577602AD3E0570025F615 /* Info.plist */,
			);
			path = "Anime Movie App";
			sourceTree = "<group>";
		};
		198577682AD3E0580025F615 /* Anime Movie AppTests */ = {
			isa = PBXGroup;
			children = (
				198577692AD3E0580025F615 /* Anime_Movie_AppTests.swift */,
			);
			path = "Anime Movie AppTests";
			sourceTree = "<group>";
		};
		198577722AD3E0580025F615 /* Anime Movie AppUITests */ = {
			isa = PBXGroup;
			children = (
				198577732AD3E0580025F615 /* Anime_Movie_AppUITests.swift */,
				198577752AD3E0580025F615 /* Anime_Movie_AppUITestsLaunchTests.swift */,
			);
			path = "Anime Movie AppUITests";
			sourceTree = "<group>";
		};
		198577822AD3E17B0025F615 /* ViewModels */ = {
			isa = PBXGroup;
			children = (
			);
			path = ViewModels;
			sourceTree = "<group>";
		};
		198577832AD3E1890025F615 /* Views */ = {
			isa = PBXGroup;
			children = (
				198577852AD3E3AA0025F615 /* HomeViewController.swift */,
				198577862AD3E3AA0025F615 /* HomeViewController.xib */,
				198577892AD3EA2F0025F615 /* MainNavigationController.swift */,
			);
			path = Views;
			sourceTree = "<group>";
		};
		198577842AD3E1960025F615 /* Models */ = {
			isa = PBXGroup;
			children = (
			);
			path = Models;
			sourceTree = "<group>";
		};
/* End PBXGroup section */

/* Begin PBXNativeTarget section */
		1985774E2AD3E0550025F615 /* Anime Movie App */ = {
			isa = PBXNativeTarget;
			buildConfigurationList = 198577792AD3E0580025F615 /* Build configuration list for PBXNativeTarget "Anime Movie App" */;
			buildPhases = (
				1985774B2AD3E0550025F615 /* Sources */,
				1985774C2AD3E0550025F615 /* Frameworks */,
				1985774D2AD3E0550025F615 /* Resources */,
			);
			buildRules = (
			);
			dependencies = (
			);
			name = "Anime Movie App";
			productName = "Anime Movie App";
			productReference = 1985774F2AD3E0550025F615 /* Anime Movie App.app */;
			productType = "com.apple.product-type.application";
		};
		198577642AD3E0580025F615 /* Anime Movie AppTests */ = {
			isa = PBXNativeTarget;
			buildConfigurationList = 1985777C2AD3E0580025F615 /* Build configuration list for PBXNativeTarget "Anime Movie AppTests" */;
			buildPhases = (
				198577612AD3E0580025F615 /* Sources */,
				198577622AD3E0580025F615 /* Frameworks */,
				198577632AD3E0580025F615 /* Resources */,
			);
			buildRules = (
			);
			dependencies = (
				198577672AD3E0580025F615 /* PBXTargetDependency */,
			);
			name = "Anime Movie AppTests";
			productName = "Anime Movie AppTests";
			productReference = 198577652AD3E0580025F615 /* Anime Movie AppTests.xctest */;
			productType = "com.apple.product-type.bundle.unit-test";
		};
		1985776E2AD3E0580025F615 /* Anime Movie AppUITests */ = {
			isa = PBXNativeTarget;
			buildConfigurationList = 1985777F2AD3E0580025F615 /* Build configuration list for PBXNativeTarget "Anime Movie AppUITests" */;
			buildPhases = (
				1985776B2AD3E0580025F615 /* Sources */,
				1985776C2AD3E0580025F615 /* Frameworks */,
				1985776D2AD3E0580025F615 /* Resources */,
			);
			buildRules = (
			);
			dependencies = (
				198577712AD3E0580025F615 /* PBXTargetDependency */,
			);
			name = "Anime Movie AppUITests";
			productName = "Anime Movie AppUITests";
			productReference = 1985776F2AD3E0580025F615 /* Anime Movie AppUITests.xctest */;
			productType = "com.apple.product-type.bundle.ui-testing";
		};
/* End PBXNativeTarget section */

/* Begin PBXProject section */
		198577472AD3E0550025F615 /* Project object */ = {
			isa = PBXProject;
			attributes = {
				BuildIndependentTargetsInParallel = 1;
				LastSwiftUpdateCheck = 1500;
				LastUpgradeCheck = 1500;
				TargetAttributes = {
					1985774E2AD3E0550025F615 = {
						CreatedOnToolsVersion = 15.0;
					};
					198577642AD3E0580025F615 = {
						CreatedOnToolsVersion = 15.0;
						TestTargetID = 1985774E2AD3E0550025F615;
					};
					1985776E2AD3E0580025F615 = {
						CreatedOnToolsVersion = 15.0;
						TestTargetID = 1985774E2AD3E0550025F615;
					};
				};
			};
			buildConfigurationList = 1985774A2AD3E0550025F615 /* Build configuration list for PBXProject "Anime Movie App" */;
			compatibilityVersion = "Xcode 14.0";
			developmentRegion = en;
			hasScannedForEncodings = 0;
			knownRegions = (
				en,
				Base,
			);
			mainGroup = 198577462AD3E0550025F615;
			productRefGroup = 198577502AD3E0550025F615 /* Products */;
			projectDirPath = "";
			projectRoot = "";
			targets = (
				1985774E2AD3E0550025F615 /* Anime Movie App */,
				198577642AD3E0580025F615 /* Anime Movie AppTests */,
				1985776E2AD3E0580025F615 /* Anime Movie AppUITests */,
			);
		};
/* End PBXProject section */

/* Begin PBXResourcesBuildPhase section */
		1985774D2AD3E0550025F615 /* Resources */ = {
			isa = PBXResourcesBuildPhase;
			buildActionMask = 2147483647;
			files = (
				1985775F2AD3E0570025F615 /* LaunchScreen.storyboard in Resources */,
				1985775C2AD3E0570025F615 /* Assets.xcassets in Resources */,
				198577882AD3E3AA0025F615 /* HomeViewController.xib in Resources */,
			);
			runOnlyForDeploymentPostprocessing = 0;
		};
		198577632AD3E0580025F615 /* Resources */ = {
			isa = PBXResourcesBuildPhase;
			buildActionMask = 2147483647;
			files = (
			);
			runOnlyForDeploymentPostprocessing = 0;
		};
		1985776D2AD3E0580025F615 /* Resources */ = {
			isa = PBXResourcesBuildPhase;
			buildActionMask = 2147483647;
			files = (
			);
			runOnlyForDeploymentPostprocessing = 0;
		};
/* End PBXResourcesBuildPhase section */

/* Begin PBXSourcesBuildPhase section */
		1985774B2AD3E0550025F615 /* Sources */ = {
			isa = PBXSourcesBuildPhase;
			buildActionMask = 2147483647;
			files = (
				198577572AD3E0550025F615 /* ViewController.swift in Sources */,
				198577532AD3E0550025F615 /* AppDelegate.swift in Sources */,
				1985778A2AD3EA2F0025F615 /* MainNavigationController.swift in Sources */,
				198577872AD3E3AA0025F615 /* HomeViewController.swift in Sources */,
			);
			runOnlyForDeploymentPostprocessing = 0;
		};
		198577612AD3E0580025F615 /* Sources */ = {
			isa = PBXSourcesBuildPhase;
			buildActionMask = 2147483647;
			files = (
				1985776A2AD3E0580025F615 /* Anime_Movie_AppTests.swift in Sources */,
			);
			runOnlyForDeploymentPostprocessing = 0;
		};
		1985776B2AD3E0580025F615 /* Sources */ = {
			isa = PBXSourcesBuildPhase;
			buildActionMask = 2147483647;
			files = (
				198577762AD3E0580025F615 /* Anime_Movie_AppUITestsLaunchTests.swift in Sources */,
				198577742AD3E0580025F615 /* Anime_Movie_AppUITests.swift in Sources */,
			);
			runOnlyForDeploymentPostprocessing = 0;
		};
/* End PBXSourcesBuildPhase section */

/* Begin PBXTargetDependency section */
		198577672AD3E0580025F615 /* PBXTargetDependency */ = {
			isa = PBXTargetDependency;
			target = 1985774E2AD3E0550025F615 /* Anime Movie App */;
			targetProxy = 198577662AD3E0580025F615 /* PBXContainerItemProxy */;
		};
		198577712AD3E0580025F615 /* PBXTargetDependency */ = {
			isa = PBXTargetDependency;
			target = 1985774E2AD3E0550025F615 /* Anime Movie App */;
			targetProxy = 198577702AD3E0580025F615 /* PBXContainerItemProxy */;
		};
/* End PBXTargetDependency section */

/* Begin PBXVariantGroup section */
		1985775D2AD3E0570025F615 /* LaunchScreen.storyboard */ = {
			isa = PBXVariantGroup;
			children = (
				1985775E2AD3E0570025F615 /* Base */,
			);
			name = LaunchScreen.storyboard;
			sourceTree = "<group>";
		};
/* End PBXVariantGroup section */

/* Begin XCBuildConfiguration section */
		198577772AD3E0580025F615 /* Debug */ = {
			isa = XCBuildConfiguration;
			buildSettings = {
				ALWAYS_SEARCH_USER_PATHS = NO;
				ASSETCATALOG_COMPILER_GENERATE_SWIFT_ASSET_SYMBOL_EXTENSIONS = YES;
				CLANG_ANALYZER_NONNULL = YES;
				CLANG_ANALYZER_NUMBER_OBJECT_CONVERSION = YES_AGGRESSIVE;
				CLANG_CXX_LANGUAGE_STANDARD = "gnu++20";
				CLANG_ENABLE_MODULES = YES;
				CLANG_ENABLE_OBJC_ARC = YES;
				CLANG_ENABLE_OBJC_WEAK = YES;
				CLANG_WARN_BLOCK_CAPTURE_AUTORELEASING = YES;
				CLANG_WARN_BOOL_CONVERSION = YES;
				CLANG_WARN_COMMA = YES;
				CLANG_WARN_CONSTANT_CONVERSION = YES;
				CLANG_WARN_DEPRECATED_OBJC_IMPLEMENTATIONS = YES;
				CLANG_WARN_DIRECT_OBJC_ISA_USAGE = YES_ERROR;
				CLANG_WARN_DOCUMENTATION_COMMENTS = YES;
				CLANG_WARN_EMPTY_BODY = YES;
				CLANG_WARN_ENUM_CONVERSION = YES;
				CLANG_WARN_INFINITE_RECURSION = YES;
				CLANG_WARN_INT_CONVERSION = YES;
				CLANG_WARN_NON_LITERAL_NULL_CONVERSION = YES;
				CLANG_WARN_OBJC_IMPLICIT_RETAIN_SELF = YES;
				CLANG_WARN_OBJC_LITERAL_CONVERSION = YES;
				CLANG_WARN_OBJC_ROOT_CLASS = YES_ERROR;
				CLANG_WARN_QUOTED_INCLUDE_IN_FRAMEWORK_HEADER = YES;
				CLANG_WARN_RANGE_LOOP_ANALYSIS = YES;
				CLANG_WARN_STRICT_PROTOTYPES = YES;
				CLANG_WARN_SUSPICIOUS_MOVE = YES;
				CLANG_WARN_UNGUARDED_AVAILABILITY = YES_AGGRESSIVE;
				CLANG_WARN_UNREACHABLE_CODE = YES;
				CLANG_WARN__DUPLICATE_METHOD_MATCH = YES;
				COPY_PHASE_STRIP = NO;
				DEBUG_INFORMATION_FORMAT = dwarf;
				ENABLE_STRICT_OBJC_MSGSEND = YES;
				ENABLE_TESTABILITY = YES;
				ENABLE_USER_SCRIPT_SANDBOXING = YES;
				GCC_C_LANGUAGE_STANDARD = gnu17;
				GCC_DYNAMIC_NO_PIC = NO;
				GCC_NO_COMMON_BLOCKS = YES;
				GCC_OPTIMIZATION_LEVEL = 0;
				GCC_PREPROCESSOR_DEFINITIONS = (
					"DEBUG=1",
					"$(inherited)",
				);
				GCC_WARN_64_TO_32_BIT_CONVERSION = YES;
				GCC_WARN_ABOUT_RETURN_TYPE = YES_ERROR;
				GCC_WARN_UNDECLARED_SELECTOR = YES;
				GCC_WARN_UNINITIALIZED_AUTOS = YES_AGGRESSIVE;
				GCC_WARN_UNUSED_FUNCTION = YES;
				GCC_WARN_UNUSED_VARIABLE = YES;
				IPHONEOS_DEPLOYMENT_TARGET = 17.0;
				LOCALIZATION_PREFERS_STRING_CATALOGS = YES;
				MTL_ENABLE_DEBUG_INFO = INCLUDE_SOURCE;
				MTL_FAST_MATH = YES;
				ONLY_ACTIVE_ARCH = YES;
				SDKROOT = iphoneos;
				SWIFT_ACTIVE_COMPILATION_CONDITIONS = "DEBUG $(inherited)";
				SWIFT_OPTIMIZATION_LEVEL = "-Onone";
			};
			name = Debug;
		};
		198577782AD3E0580025F615 /* Release */ = {
			isa = XCBuildConfiguration;
			buildSettings = {
				ALWAYS_SEARCH_USER_PATHS = NO;
				ASSETCATALOG_COMPILER_GENERATE_SWIFT_ASSET_SYMBOL_EXTENSIONS = YES;
				CLANG_ANALYZER_NONNULL = YES;
				CLANG_ANALYZER_NUMBER_OBJECT_CONVERSION = YES_AGGRESSIVE;
				CLANG_CXX_LANGUAGE_STANDARD = "gnu++20";
				CLANG_ENABLE_MODULES = YES;
				CLANG_ENABLE_OBJC_ARC = YES;
				CLANG_ENABLE_OBJC_WEAK = YES;
				CLANG_WARN_BLOCK_CAPTURE_AUTORELEASING = YES;
				CLANG_WARN_BOOL_CONVERSION = YES;
				CLANG_WARN_COMMA = YES;
				CLANG_WARN_CONSTANT_CONVERSION = YES;
				CLANG_WARN_DEPRECATED_OBJC_IMPLEMENTATIONS = YES;
				CLANG_WARN_DIRECT_OBJC_ISA_USAGE = YES_ERROR;
				CLANG_WARN_DOCUMENTATION_COMMENTS = YES;
				CLANG_WARN_EMPTY_BODY = YES;
				CLANG_WARN_ENUM_CONVERSION = YES;
				CLANG_WARN_INFINITE_RECURSION = YES;
				CLANG_WARN_INT_CONVERSION = YES;
				CLANG_WARN_NON_LITERAL_NULL_CONVERSION = YES;
				CLANG_WARN_OBJC_IMPLICIT_RETAIN_SELF = YES;
				CLANG_WARN_OBJC_LITERAL_CONVERSION = YES;
				CLANG_WARN_OBJC_ROOT_CLASS = YES_ERROR;
				CLANG_WARN_QUOTED_INCLUDE_IN_FRAMEWORK_HEADER = YES;
				CLANG_WARN_RANGE_LOOP_ANALYSIS = YES;
				CLANG_WARN_STRICT_PROTOTYPES = YES;
				CLANG_WARN_SUSPICIOUS_MOVE = YES;
				CLANG_WARN_UNGUARDED_AVAILABILITY = YES_AGGRESSIVE;
				CLANG_WARN_UNREACHABLE_CODE = YES;
				CLANG_WARN__DUPLICATE_METHOD_MATCH = YES;
				COPY_PHASE_STRIP = NO;
				DEBUG_INFORMATION_FORMAT = "dwarf-with-dsym";
				ENABLE_NS_ASSERTIONS = NO;
				ENABLE_STRICT_OBJC_MSGSEND = YES;
				ENABLE_USER_SCRIPT_SANDBOXING = YES;
				GCC_C_LANGUAGE_STANDARD = gnu17;
				GCC_NO_COMMON_BLOCKS = YES;
				GCC_WARN_64_TO_32_BIT_CONVERSION = YES;
				GCC_WARN_ABOUT_RETURN_TYPE = YES_ERROR;
				GCC_WARN_UNDECLARED_SELECTOR = YES;
				GCC_WARN_UNINITIALIZED_AUTOS = YES_AGGRESSIVE;
				GCC_WARN_UNUSED_FUNCTION = YES;
				GCC_WARN_UNUSED_VARIABLE = YES;
				IPHONEOS_DEPLOYMENT_TARGET = 17.0;
				LOCALIZATION_PREFERS_STRING_CATALOGS = YES;
				MTL_ENABLE_DEBUG_INFO = NO;
				MTL_FAST_MATH = YES;
				SDKROOT = iphoneos;
				SWIFT_COMPILATION_MODE = wholemodule;
				VALIDATE_PRODUCT = YES;
			};
			name = Release;
		};
		1985777A2AD3E0580025F615 /* Debug */ = {
			isa = XCBuildConfiguration;
			buildSettings = {
				ASSETCATALOG_COMPILER_APPICON_NAME = AppIcon;
				ASSETCATALOG_COMPILER_GLOBAL_ACCENT_COLOR_NAME = AccentColor;
				CODE_SIGN_STYLE = Automatic;
				CURRENT_PROJECT_VERSION = 1;
				DEVELOPMENT_TEAM = 548723FHPZ;
				GENERATE_INFOPLIST_FILE = YES;
				INFOPLIST_FILE = "Anime Movie App/Info.plist";
				INFOPLIST_KEY_CFBundleDisplayName = Animovie;
				INFOPLIST_KEY_UIApplicationSupportsIndirectInputEvents = YES;
				INFOPLIST_KEY_UILaunchStoryboardName = LaunchScreen;
				INFOPLIST_KEY_UIMainStoryboardFile = "";
				INFOPLIST_KEY_UISupportedInterfaceOrientations = UIInterfaceOrientationPortrait;
				INFOPLIST_KEY_UISupportedInterfaceOrientations_iPad = "UIInterfaceOrientationLandscapeLeft UIInterfaceOrientationLandscapeRight UIInterfaceOrientationPortrait UIInterfaceOrientationPortraitUpsideDown";
				LD_RUNPATH_SEARCH_PATHS = (
					"$(inherited)",
					"@executable_path/Frameworks",
				);
				MARKETING_VERSION = 1.0;
				PRODUCT_BUNDLE_IDENTIFIER = "com.glucode-akha.animovie";
				PRODUCT_NAME = "$(TARGET_NAME)";
				SUPPORTED_PLATFORMS = "iphoneos iphonesimulator";
				SUPPORTS_MACCATALYST = NO;
				SUPPORTS_MAC_DESIGNED_FOR_IPHONE_IPAD = NO;
				SWIFT_EMIT_LOC_STRINGS = YES;
				SWIFT_VERSION = 5.0;
				TARGETED_DEVICE_FAMILY = 1;
			};
			name = Debug;
		};
		1985777B2AD3E0580025F615 /* Release */ = {
			isa = XCBuildConfiguration;
			buildSettings = {
				ASSETCATALOG_COMPILER_APPICON_NAME = AppIcon;
				ASSETCATALOG_COMPILER_GLOBAL_ACCENT_COLOR_NAME = AccentColor;
				CODE_SIGN_STYLE = Automatic;
				CURRENT_PROJECT_VERSION = 1;
				DEVELOPMENT_TEAM = 548723FHPZ;
				GENERATE_INFOPLIST_FILE = YES;
				INFOPLIST_FILE = "Anime Movie App/Info.plist";
				INFOPLIST_KEY_CFBundleDisplayName = Animovie;
				INFOPLIST_KEY_UIApplicationSupportsIndirectInputEvents = YES;
				INFOPLIST_KEY_UILaunchStoryboardName = LaunchScreen;
				INFOPLIST_KEY_UIMainStoryboardFile = "";
				INFOPLIST_KEY_UISupportedInterfaceOrientations = UIInterfaceOrientationPortrait;
				INFOPLIST_KEY_UISupportedInterfaceOrientations_iPad = "UIInterfaceOrientationLandscapeLeft UIInterfaceOrientationLandscapeRight UIInterfaceOrientationPortrait UIInterfaceOrientationPortraitUpsideDown";
				LD_RUNPATH_SEARCH_PATHS = (
					"$(inherited)",
					"@executable_path/Frameworks",
				);
				MARKETING_VERSION = 1.0;
				PRODUCT_BUNDLE_IDENTIFIER = "com.glucode-akha.animovie";
				PRODUCT_NAME = "$(TARGET_NAME)";
				SUPPORTED_PLATFORMS = "iphoneos iphonesimulator";
				SUPPORTS_MACCATALYST = NO;
				SUPPORTS_MAC_DESIGNED_FOR_IPHONE_IPAD = NO;
				SWIFT_EMIT_LOC_STRINGS = YES;
				SWIFT_VERSION = 5.0;
				TARGETED_DEVICE_FAMILY = 1;
			};
			name = Release;
		};
		1985777D2AD3E0580025F615 /* Debug */ = {
			isa = XCBuildConfiguration;
			buildSettings = {
				ALWAYS_EMBED_SWIFT_STANDARD_LIBRARIES = YES;
				BUNDLE_LOADER = "$(TEST_HOST)";
				CODE_SIGN_STYLE = Automatic;
				CURRENT_PROJECT_VERSION = 1;
				DEVELOPMENT_TEAM = 548723FHPZ;
				GENERATE_INFOPLIST_FILE = YES;
				IPHONEOS_DEPLOYMENT_TARGET = 17.0;
				MARKETING_VERSION = 1.0;
				PRODUCT_BUNDLE_IDENTIFIER = "com.glucode-akha.Anime-Movie-AppTests";
				PRODUCT_NAME = "$(TARGET_NAME)";
				SWIFT_EMIT_LOC_STRINGS = NO;
				SWIFT_VERSION = 5.0;
				TARGETED_DEVICE_FAMILY = "1,2";
				TEST_HOST = "$(BUILT_PRODUCTS_DIR)/Anime Movie App.app/$(BUNDLE_EXECUTABLE_FOLDER_PATH)/Anime Movie App";
			};
			name = Debug;
		};
		1985777E2AD3E0580025F615 /* Release */ = {
			isa = XCBuildConfiguration;
			buildSettings = {
				ALWAYS_EMBED_SWIFT_STANDARD_LIBRARIES = YES;
				BUNDLE_LOADER = "$(TEST_HOST)";
				CODE_SIGN_STYLE = Automatic;
				CURRENT_PROJECT_VERSION = 1;
				DEVELOPMENT_TEAM = 548723FHPZ;
				GENERATE_INFOPLIST_FILE = YES;
				IPHONEOS_DEPLOYMENT_TARGET = 17.0;
				MARKETING_VERSION = 1.0;
				PRODUCT_BUNDLE_IDENTIFIER = "com.glucode-akha.Anime-Movie-AppTests";
				PRODUCT_NAME = "$(TARGET_NAME)";
				SWIFT_EMIT_LOC_STRINGS = NO;
				SWIFT_VERSION = 5.0;
				TARGETED_DEVICE_FAMILY = "1,2";
				TEST_HOST = "$(BUILT_PRODUCTS_DIR)/Anime Movie App.app/$(BUNDLE_EXECUTABLE_FOLDER_PATH)/Anime Movie App";
			};
			name = Release;
		};
		198577802AD3E0580025F615 /* Debug */ = {
			isa = XCBuildConfiguration;
			buildSettings = {
				ALWAYS_EMBED_SWIFT_STANDARD_LIBRARIES = YES;
				CODE_SIGN_STYLE = Automatic;
				CURRENT_PROJECT_VERSION = 1;
				DEVELOPMENT_TEAM = 548723FHPZ;
				GENERATE_INFOPLIST_FILE = YES;
				MARKETING_VERSION = 1.0;
				PRODUCT_BUNDLE_IDENTIFIER = "com.glucode-akha.Anime-Movie-AppUITests";
				PRODUCT_NAME = "$(TARGET_NAME)";
				SWIFT_EMIT_LOC_STRINGS = NO;
				SWIFT_VERSION = 5.0;
				TARGETED_DEVICE_FAMILY = "1,2";
				TEST_TARGET_NAME = "Anime Movie App";
			};
			name = Debug;
		};
		198577812AD3E0580025F615 /* Release */ = {
			isa = XCBuildConfiguration;
			buildSettings = {
				ALWAYS_EMBED_SWIFT_STANDARD_LIBRARIES = YES;
				CODE_SIGN_STYLE = Automatic;
				CURRENT_PROJECT_VERSION = 1;
				DEVELOPMENT_TEAM = 548723FHPZ;
				GENERATE_INFOPLIST_FILE = YES;
				MARKETING_VERSION = 1.0;
				PRODUCT_BUNDLE_IDENTIFIER = "com.glucode-akha.Anime-Movie-AppUITests";
				PRODUCT_NAME = "$(TARGET_NAME)";
				SWIFT_EMIT_LOC_STRINGS = NO;
				SWIFT_VERSION = 5.0;
				TARGETED_DEVICE_FAMILY = "1,2";
				TEST_TARGET_NAME = "Anime Movie App";
			};
			name = Release;
		};
/* End XCBuildConfiguration section */

/* Begin XCConfigurationList section */
		1985774A2AD3E0550025F615 /* Build configuration list for PBXProject "Anime Movie App" */ = {
			isa = XCConfigurationList;
			buildConfigurations = (
				198577772AD3E0580025F615 /* Debug */,
				198577782AD3E0580025F615 /* Release */,
			);
			defaultConfigurationIsVisible = 0;
			defaultConfigurationName = Release;
		};
		198577792AD3E0580025F615 /* Build configuration list for PBXNativeTarget "Anime Movie App" */ = {
			isa = XCConfigurationList;
			buildConfigurations = (
				1985777A2AD3E0580025F615 /* Debug */,
				1985777B2AD3E0580025F615 /* Release */,
			);
			defaultConfigurationIsVisible = 0;
			defaultConfigurationName = Release;
		};
		1985777C2AD3E0580025F615 /* Build configuration list for PBXNativeTarget "Anime Movie AppTests" */ = {
			isa = XCConfigurationList;
			buildConfigurations = (
				1985777D2AD3E0580025F615 /* Debug */,
				1985777E2AD3E0580025F615 /* Release */,
			);
			defaultConfigurationIsVisible = 0;
			defaultConfigurationName = Release;
		};
		1985777F2AD3E0580025F615 /* Build configuration list for PBXNativeTarget "Anime Movie AppUITests" */ = {
			isa = XCConfigurationList;
			buildConfigurations = (
				198577802AD3E0580025F615 /* Debug */,
				198577812AD3E0580025F615 /* Release */,
			);
			defaultConfigurationIsVisible = 0;
			defaultConfigurationName = Release;
		};
/* End XCConfigurationList section */
	};
	rootObject = 198577472AD3E0550025F615 /* Project object */;
}
