// !$*UTF8*$!
{
	archiveVersion = 1;
	classes = {
	};
	objectVersion = 56;
	objects = {

/* Begin PBXBuildFile section */
		198577532AD3E0550025F615 /* AppDelegate.swift in Sources */ = {isa = PBXBuildFile; fileRef = 198577522AD3E0550025F615 /* AppDelegate.swift */; };
		1985775C2AD3E0570025F615 /* Assets.xcassets in Resources */ = {isa = PBXBuildFile; fileRef = 1985775B2AD3E0570025F615 /* Assets.xcassets */; };
		1985775F2AD3E0570025F615 /* LaunchScreen.storyboard in Resources */ = {isa = PBXBuildFile; fileRef = 1985775D2AD3E0570025F615 /* LaunchScreen.storyboard */; };
		1985776A2AD3E0580025F615 /* Anime_Movie_AppTests.swift in Sources */ = {isa = PBXBuildFile; fileRef = 198577692AD3E0580025F615 /* Anime_Movie_AppTests.swift */; };
		198577872AD3E3AA0025F615 /* HomeViewController.swift in Sources */ = {isa = PBXBuildFile; fileRef = 198577852AD3E3AA0025F615 /* HomeViewController.swift */; };
		198577882AD3E3AA0025F615 /* HomeViewController.xib in Resources */ = {isa = PBXBuildFile; fileRef = 198577862AD3E3AA0025F615 /* HomeViewController.xib */; };
		1985778A2AD3EA2F0025F615 /* MainNavigationController.swift in Sources */ = {isa = PBXBuildFile; fileRef = 198577892AD3EA2F0025F615 /* MainNavigationController.swift */; };
		19ADAD592AD426E500663A6E /* KitsuResponse.swift in Sources */ = {isa = PBXBuildFile; fileRef = 19ADAD582AD426E500663A6E /* KitsuResponse.swift */; };
		19ADAD5D2AD4281600663A6E /* DataProvider.swift in Sources */ = {isa = PBXBuildFile; fileRef = 19ADAD5C2AD4281600663A6E /* DataProvider.swift */; };
		19ADAD5F2AD4296800663A6E /* KitsuProvider.swift in Sources */ = {isa = PBXBuildFile; fileRef = 19ADAD5E2AD4296800663A6E /* KitsuProvider.swift */; };
		19ADAD612AD48BE700663A6E /* KitsuResult.swift in Sources */ = {isa = PBXBuildFile; fileRef = 19ADAD602AD48BE700663A6E /* KitsuResult.swift */; };
		19ADAD632AD48C2A00663A6E /* KitsuAttributes.swift in Sources */ = {isa = PBXBuildFile; fileRef = 19ADAD622AD48C2A00663A6E /* KitsuAttributes.swift */; };
		19ADAD6B2AD48DE600663A6E /* KitsuImage.swift in Sources */ = {isa = PBXBuildFile; fileRef = 19ADAD6A2AD48DE600663A6E /* KitsuImage.swift */; };
		19ADAD6D2AD490A700663A6E /* KitsuExtras.swift in Sources */ = {isa = PBXBuildFile; fileRef = 19ADAD6C2AD490A700663A6E /* KitsuExtras.swift */; };
		19ADAD6F2AD491AA00663A6E /* JSONSchemaSupport.swift in Sources */ = {isa = PBXBuildFile; fileRef = 19ADAD6E2AD491AA00663A6E /* JSONSchemaSupport.swift */; };
		19ADAD712AD51C0E00663A6E /* LocalizedError.swift in Sources */ = {isa = PBXBuildFile; fileRef = 19ADAD702AD51C0E00663A6E /* LocalizedError.swift */; };
		19ADAD732AD5250000663A6E /* DataProvider.swift in Sources */ = {isa = PBXBuildFile; fileRef = 19ADAD5C2AD4281600663A6E /* DataProvider.swift */; };
		19ADAD742AD5250300663A6E /* LocalizedError.swift in Sources */ = {isa = PBXBuildFile; fileRef = 19ADAD702AD51C0E00663A6E /* LocalizedError.swift */; };
		19ADAD752AD5250600663A6E /* KitsuResponse.swift in Sources */ = {isa = PBXBuildFile; fileRef = 19ADAD582AD426E500663A6E /* KitsuResponse.swift */; };
		19ADAD762AD5254E00663A6E /* KitsuResult.swift in Sources */ = {isa = PBXBuildFile; fileRef = 19ADAD602AD48BE700663A6E /* KitsuResult.swift */; };
		19ADAD772AD5255000663A6E /* KitsuAttributes.swift in Sources */ = {isa = PBXBuildFile; fileRef = 19ADAD622AD48C2A00663A6E /* KitsuAttributes.swift */; };
		19ADAD782AD5255300663A6E /* KitsuImage.swift in Sources */ = {isa = PBXBuildFile; fileRef = 19ADAD6A2AD48DE600663A6E /* KitsuImage.swift */; };
		19ADAD792AD5255600663A6E /* KitsuExtras.swift in Sources */ = {isa = PBXBuildFile; fileRef = 19ADAD6C2AD490A700663A6E /* KitsuExtras.swift */; };
		19ADAD7A2AD5255800663A6E /* JSONSchemaSupport.swift in Sources */ = {isa = PBXBuildFile; fileRef = 19ADAD6E2AD491AA00663A6E /* JSONSchemaSupport.swift */; };
		19ADAD7E2AD53FAD00663A6E /* Anime.swift in Sources */ = {isa = PBXBuildFile; fileRef = 19ADAD7D2AD53FAD00663A6E /* Anime.swift */; };
		19ADAD822AD542DD00663A6E /* AnimeRepository.swift in Sources */ = {isa = PBXBuildFile; fileRef = 19ADAD812AD542DD00663A6E /* AnimeRepository.swift */; };
		19ADAD842AD5447600663A6E /* KitsuRespository.swift in Sources */ = {isa = PBXBuildFile; fileRef = 19ADAD832AD5447600663A6E /* KitsuRespository.swift */; };
		19ADAD872AD547E400663A6E /* String+Extension.swift in Sources */ = {isa = PBXBuildFile; fileRef = 19ADAD862AD547E400663A6E /* String+Extension.swift */; };
		19ADAD892AD5507300663A6E /* HomeViewModel.swift in Sources */ = {isa = PBXBuildFile; fileRef = 19ADAD882AD5507300663A6E /* HomeViewModel.swift */; };
		19ADAD8A2AD555C900663A6E /* KitsuRespository.swift in Sources */ = {isa = PBXBuildFile; fileRef = 19ADAD832AD5447600663A6E /* KitsuRespository.swift */; };
		19ADAD8B2AD5563200663A6E /* AnimeRepository.swift in Sources */ = {isa = PBXBuildFile; fileRef = 19ADAD812AD542DD00663A6E /* AnimeRepository.swift */; };
		19ADAD8C2AD5564000663A6E /* HomeViewModel.swift in Sources */ = {isa = PBXBuildFile; fileRef = 19ADAD882AD5507300663A6E /* HomeViewModel.swift */; };
		19ADAD8D2AD5567200663A6E /* Anime.swift in Sources */ = {isa = PBXBuildFile; fileRef = 19ADAD7D2AD53FAD00663A6E /* Anime.swift */; };
		19ADAD8F2AD5569800663A6E /* String+Extension.swift in Sources */ = {isa = PBXBuildFile; fileRef = 19ADAD862AD547E400663A6E /* String+Extension.swift */; };
		19ADAD942AD56DE500663A6E /* Observable.swift in Sources */ = {isa = PBXBuildFile; fileRef = 19ADAD932AD56DE500663A6E /* Observable.swift */; };
		19ADAD952AD56DE500663A6E /* Observable.swift in Sources */ = {isa = PBXBuildFile; fileRef = 19ADAD932AD56DE500663A6E /* Observable.swift */; };
		19ADAD9E2AD66DCF00663A6E /* KitsuRepositoryTests.swift in Sources */ = {isa = PBXBuildFile; fileRef = 19ADAD9D2AD66DCF00663A6E /* KitsuRepositoryTests.swift */; };
		19ADAD9F2AD66DED00663A6E /* KitsuProvider.swift in Sources */ = {isa = PBXBuildFile; fileRef = 19ADAD5E2AD4296800663A6E /* KitsuProvider.swift */; };
		19ADADA12AD674D100663A6E /* spirited_away.json in Resources */ = {isa = PBXBuildFile; fileRef = 19ADADA02AD674D100663A6E /* spirited_away.json */; };
		19ADADA42AD6896E00663A6E /* null.json in Resources */ = {isa = PBXBuildFile; fileRef = 19ADADA22AD6862E00663A6E /* null.json */; };
		19ADADA62AD69EFC00663A6E /* Anime+Extension.swift in Sources */ = {isa = PBXBuildFile; fileRef = 19ADADA52AD69EFC00663A6E /* Anime+Extension.swift */; };
		19ADADA82AD69F8800663A6E /* MockDataProvider.swift in Sources */ = {isa = PBXBuildFile; fileRef = 19ADADA72AD69F8800663A6E /* MockDataProvider.swift */; };
		19ADADAA2AD6A23A00663A6E /* HomeViewModelTests.swift in Sources */ = {isa = PBXBuildFile; fileRef = 19ADADA92AD6A23A00663A6E /* HomeViewModelTests.swift */; };
		19ADADAC2AD6AF7E00663A6E /* not_an_anime.json in Resources */ = {isa = PBXBuildFile; fileRef = 19ADADAB2AD6AE7300663A6E /* not_an_anime.json */; };
/* End PBXBuildFile section */

/* Begin PBXContainerItemProxy section */
		198577662AD3E0580025F615 /* PBXContainerItemProxy */ = {
			isa = PBXContainerItemProxy;
			containerPortal = 198577472AD3E0550025F615 /* Project object */;
			proxyType = 1;
			remoteGlobalIDString = 1985774E2AD3E0550025F615;
			remoteInfo = "Anime Movie App";
		};
/* End PBXContainerItemProxy section */

/* Begin PBXFileReference section */
		1985774F2AD3E0550025F615 /* Anime Movie App.app */ = {isa = PBXFileReference; explicitFileType = wrapper.application; includeInIndex = 0; path = "Anime Movie App.app"; sourceTree = BUILT_PRODUCTS_DIR; };
		198577522AD3E0550025F615 /* AppDelegate.swift */ = {isa = PBXFileReference; lastKnownFileType = sourcecode.swift; path = AppDelegate.swift; sourceTree = "<group>"; };
		1985775B2AD3E0570025F615 /* Assets.xcassets */ = {isa = PBXFileReference; lastKnownFileType = folder.assetcatalog; path = Assets.xcassets; sourceTree = "<group>"; };
		1985775E2AD3E0570025F615 /* Base */ = {isa = PBXFileReference; lastKnownFileType = file.storyboard; name = Base; path = Base.lproj/LaunchScreen.storyboard; sourceTree = "<group>"; };
		198577602AD3E0570025F615 /* Info.plist */ = {isa = PBXFileReference; lastKnownFileType = text.plist.xml; path = Info.plist; sourceTree = "<group>"; };
		198577652AD3E0580025F615 /* Anime Movie AppTests.xctest */ = {isa = PBXFileReference; explicitFileType = wrapper.cfbundle; includeInIndex = 0; path = "Anime Movie AppTests.xctest"; sourceTree = BUILT_PRODUCTS_DIR; };
		198577692AD3E0580025F615 /* Anime_Movie_AppTests.swift */ = {isa = PBXFileReference; lastKnownFileType = sourcecode.swift; path = Anime_Movie_AppTests.swift; sourceTree = "<group>"; };
		198577852AD3E3AA0025F615 /* HomeViewController.swift */ = {isa = PBXFileReference; lastKnownFileType = sourcecode.swift; path = HomeViewController.swift; sourceTree = "<group>"; };
		198577862AD3E3AA0025F615 /* HomeViewController.xib */ = {isa = PBXFileReference; lastKnownFileType = file.xib; path = HomeViewController.xib; sourceTree = "<group>"; };
		198577892AD3EA2F0025F615 /* MainNavigationController.swift */ = {isa = PBXFileReference; lastKnownFileType = sourcecode.swift; path = MainNavigationController.swift; sourceTree = "<group>"; };
		19ADAD582AD426E500663A6E /* KitsuResponse.swift */ = {isa = PBXFileReference; lastKnownFileType = sourcecode.swift; path = KitsuResponse.swift; sourceTree = "<group>"; };
		19ADAD5C2AD4281600663A6E /* DataProvider.swift */ = {isa = PBXFileReference; lastKnownFileType = sourcecode.swift; path = DataProvider.swift; sourceTree = "<group>"; };
		19ADAD5E2AD4296800663A6E /* KitsuProvider.swift */ = {isa = PBXFileReference; lastKnownFileType = sourcecode.swift; path = KitsuProvider.swift; sourceTree = "<group>"; };
		19ADAD602AD48BE700663A6E /* KitsuResult.swift */ = {isa = PBXFileReference; lastKnownFileType = sourcecode.swift; path = KitsuResult.swift; sourceTree = "<group>"; };
		19ADAD622AD48C2A00663A6E /* KitsuAttributes.swift */ = {isa = PBXFileReference; lastKnownFileType = sourcecode.swift; path = KitsuAttributes.swift; sourceTree = "<group>"; };
		19ADAD6A2AD48DE600663A6E /* KitsuImage.swift */ = {isa = PBXFileReference; lastKnownFileType = sourcecode.swift; path = KitsuImage.swift; sourceTree = "<group>"; };
		19ADAD6C2AD490A700663A6E /* KitsuExtras.swift */ = {isa = PBXFileReference; lastKnownFileType = sourcecode.swift; path = KitsuExtras.swift; sourceTree = "<group>"; };
		19ADAD6E2AD491AA00663A6E /* JSONSchemaSupport.swift */ = {isa = PBXFileReference; lastKnownFileType = sourcecode.swift; path = JSONSchemaSupport.swift; sourceTree = "<group>"; };
		19ADAD702AD51C0E00663A6E /* LocalizedError.swift */ = {isa = PBXFileReference; lastKnownFileType = sourcecode.swift; path = LocalizedError.swift; sourceTree = "<group>"; };
		19ADAD7D2AD53FAD00663A6E /* Anime.swift */ = {isa = PBXFileReference; lastKnownFileType = sourcecode.swift; path = Anime.swift; sourceTree = "<group>"; };
		19ADAD812AD542DD00663A6E /* AnimeRepository.swift */ = {isa = PBXFileReference; lastKnownFileType = sourcecode.swift; path = AnimeRepository.swift; sourceTree = "<group>"; };
		19ADAD832AD5447600663A6E /* KitsuRespository.swift */ = {isa = PBXFileReference; lastKnownFileType = sourcecode.swift; path = KitsuRespository.swift; sourceTree = "<group>"; };
		19ADAD862AD547E400663A6E /* String+Extension.swift */ = {isa = PBXFileReference; lastKnownFileType = sourcecode.swift; path = "String+Extension.swift"; sourceTree = "<group>"; };
		19ADAD882AD5507300663A6E /* HomeViewModel.swift */ = {isa = PBXFileReference; lastKnownFileType = sourcecode.swift; path = HomeViewModel.swift; sourceTree = "<group>"; };
		19ADAD932AD56DE500663A6E /* Observable.swift */ = {isa = PBXFileReference; lastKnownFileType = sourcecode.swift; path = Observable.swift; sourceTree = "<group>"; };
		19ADAD9D2AD66DCF00663A6E /* KitsuRepositoryTests.swift */ = {isa = PBXFileReference; lastKnownFileType = sourcecode.swift; path = KitsuRepositoryTests.swift; sourceTree = "<group>"; };
		19ADADA02AD674D100663A6E /* spirited_away.json */ = {isa = PBXFileReference; fileEncoding = 4; lastKnownFileType = text.json; path = spirited_away.json; sourceTree = "<group>"; };
		19ADADA22AD6862E00663A6E /* null.json */ = {isa = PBXFileReference; lastKnownFileType = text.json; path = null.json; sourceTree = "<group>"; };
		19ADADA52AD69EFC00663A6E /* Anime+Extension.swift */ = {isa = PBXFileReference; lastKnownFileType = sourcecode.swift; path = "Anime+Extension.swift"; sourceTree = "<group>"; };
		19ADADA72AD69F8800663A6E /* MockDataProvider.swift */ = {isa = PBXFileReference; lastKnownFileType = sourcecode.swift; path = MockDataProvider.swift; sourceTree = "<group>"; };
		19ADADA92AD6A23A00663A6E /* HomeViewModelTests.swift */ = {isa = PBXFileReference; lastKnownFileType = sourcecode.swift; path = HomeViewModelTests.swift; sourceTree = "<group>"; };
		19ADADAB2AD6AE7300663A6E /* not_an_anime.json */ = {isa = PBXFileReference; lastKnownFileType = text.json; path = not_an_anime.json; sourceTree = "<group>"; };
/* End PBXFileReference section */

/* Begin PBXFrameworksBuildPhase section */
		1985774C2AD3E0550025F615 /* Frameworks */ = {
			isa = PBXFrameworksBuildPhase;
			buildActionMask = 2147483647;
			files = (
			);
			runOnlyForDeploymentPostprocessing = 0;
		};
		198577622AD3E0580025F615 /* Frameworks */ = {
			isa = PBXFrameworksBuildPhase;
			buildActionMask = 2147483647;
			files = (
			);
			runOnlyForDeploymentPostprocessing = 0;
		};
/* End PBXFrameworksBuildPhase section */

/* Begin PBXGroup section */
		198577462AD3E0550025F615 = {
			isa = PBXGroup;
			children = (
				198577512AD3E0550025F615 /* Anime Movie App */,
				198577682AD3E0580025F615 /* Anime Movie AppTests */,
				198577502AD3E0550025F615 /* Products */,
			);
			sourceTree = "<group>";
		};
		198577502AD3E0550025F615 /* Products */ = {
			isa = PBXGroup;
			children = (
				1985774F2AD3E0550025F615 /* Anime Movie App.app */,
				198577652AD3E0580025F615 /* Anime Movie AppTests.xctest */,
			);
			name = Products;
			sourceTree = "<group>";
		};
		198577512AD3E0550025F615 /* Anime Movie App */ = {
			isa = PBXGroup;
			children = (
				19ADAD852AD547D100663A6E /* Extensions */,
				19ADAD9A2AD5E88A00663A6E /* PresentationLayer */,
				19ADAD992AD5E87F00663A6E /* DomainLayer */,
				19ADAD7F2AD542C000663A6E /* DataLayer */,
				198577842AD3E1960025F615 /* Models */,
				198577522AD3E0550025F615 /* AppDelegate.swift */,
				1985775B2AD3E0570025F615 /* Assets.xcassets */,
				1985775D2AD3E0570025F615 /* LaunchScreen.storyboard */,
				198577602AD3E0570025F615 /* Info.plist */,
			);
			path = "Anime Movie App";
			sourceTree = "<group>";
		};
		198577682AD3E0580025F615 /* Anime Movie AppTests */ = {
			isa = PBXGroup;
			children = (
				19ADADA32AD6872600663A6E /* Responses */,
				198577692AD3E0580025F615 /* Anime_Movie_AppTests.swift */,
				19ADAD9D2AD66DCF00663A6E /* KitsuRepositoryTests.swift */,
				19ADADA92AD6A23A00663A6E /* HomeViewModelTests.swift */,
				19ADADA52AD69EFC00663A6E /* Anime+Extension.swift */,
				19ADADA72AD69F8800663A6E /* MockDataProvider.swift */,
			);
			path = "Anime Movie AppTests";
			sourceTree = "<group>";
		};
		198577822AD3E17B0025F615 /* ViewModels */ = {
			isa = PBXGroup;
			children = (
				19ADAD882AD5507300663A6E /* HomeViewModel.swift */,
			);
			path = ViewModels;
			sourceTree = "<group>";
		};
		198577832AD3E1890025F615 /* Views */ = {
			isa = PBXGroup;
			children = (
				198577852AD3E3AA0025F615 /* HomeViewController.swift */,
				198577862AD3E3AA0025F615 /* HomeViewController.xib */,
				198577892AD3EA2F0025F615 /* MainNavigationController.swift */,
			);
			path = Views;
			sourceTree = "<group>";
		};
		198577842AD3E1960025F615 /* Models */ = {
			isa = PBXGroup;
			children = (
				19ADAD5A2AD426EA00663A6E /* Kitsu */,
				19ADAD6E2AD491AA00663A6E /* JSONSchemaSupport.swift */,
				19ADAD7D2AD53FAD00663A6E /* Anime.swift */,
				19ADAD932AD56DE500663A6E /* Observable.swift */,
			);
			path = Models;
			sourceTree = "<group>";
		};
		19ADAD5A2AD426EA00663A6E /* Kitsu */ = {
			isa = PBXGroup;
			children = (
				19ADAD582AD426E500663A6E /* KitsuResponse.swift */,
				19ADAD602AD48BE700663A6E /* KitsuResult.swift */,
				19ADAD622AD48C2A00663A6E /* KitsuAttributes.swift */,
				19ADAD6A2AD48DE600663A6E /* KitsuImage.swift */,
				19ADAD6C2AD490A700663A6E /* KitsuExtras.swift */,
			);
			path = Kitsu;
			sourceTree = "<group>";
		};
		19ADAD5B2AD427EE00663A6E /* Networking */ = {
			isa = PBXGroup;
			children = (
				19ADAD5C2AD4281600663A6E /* DataProvider.swift */,
				19ADAD5E2AD4296800663A6E /* KitsuProvider.swift */,
				19ADAD702AD51C0E00663A6E /* LocalizedError.swift */,
			);
			path = Networking;
			sourceTree = "<group>";
		};
		19ADAD7F2AD542C000663A6E /* DataLayer */ = {
			isa = PBXGroup;
			children = (
				19ADAD9C2AD5E8B200663A6E /* Repositories */,
				19ADAD5B2AD427EE00663A6E /* Networking */,
			);
			path = DataLayer;
			sourceTree = "<group>";
		};
		19ADAD852AD547D100663A6E /* Extensions */ = {
			isa = PBXGroup;
			children = (
				19ADAD862AD547E400663A6E /* String+Extension.swift */,
			);
			path = Extensions;
			sourceTree = "<group>";
		};
		19ADAD992AD5E87F00663A6E /* DomainLayer */ = {
			isa = PBXGroup;
			children = (
				198577822AD3E17B0025F615 /* ViewModels */,
			);
			path = DomainLayer;
			sourceTree = "<group>";
		};
		19ADAD9A2AD5E88A00663A6E /* PresentationLayer */ = {
			isa = PBXGroup;
			children = (
				198577832AD3E1890025F615 /* Views */,
			);
			path = PresentationLayer;
			sourceTree = "<group>";
		};
		19ADAD9C2AD5E8B200663A6E /* Repositories */ = {
			isa = PBXGroup;
			children = (
				19ADAD812AD542DD00663A6E /* AnimeRepository.swift */,
				19ADAD832AD5447600663A6E /* KitsuRespository.swift */,
			);
			path = Repositories;
			sourceTree = "<group>";
		};
		19ADADA32AD6872600663A6E /* Responses */ = {
			isa = PBXGroup;
			children = (
				19ADADA02AD674D100663A6E /* spirited_away.json */,
				19ADADAB2AD6AE7300663A6E /* not_an_anime.json */,
				19ADADA22AD6862E00663A6E /* null.json */,
			);
			path = Responses;
			sourceTree = "<group>";
		};
/* End PBXGroup section */

/* Begin PBXNativeTarget section */
		1985774E2AD3E0550025F615 /* Anime Movie App */ = {
			isa = PBXNativeTarget;
			buildConfigurationList = 198577792AD3E0580025F615 /* Build configuration list for PBXNativeTarget "Anime Movie App" */;
			buildPhases = (
				1985774B2AD3E0550025F615 /* Sources */,
				1985774C2AD3E0550025F615 /* Frameworks */,
				1985774D2AD3E0550025F615 /* Resources */,
			);
			buildRules = (
			);
			dependencies = (
			);
			name = "Anime Movie App";
			productName = "Anime Movie App";
			productReference = 1985774F2AD3E0550025F615 /* Anime Movie App.app */;
			productType = "com.apple.product-type.application";
		};
		198577642AD3E0580025F615 /* Anime Movie AppTests */ = {
			isa = PBXNativeTarget;
			buildConfigurationList = 1985777C2AD3E0580025F615 /* Build configuration list for PBXNativeTarget "Anime Movie AppTests" */;
			buildPhases = (
				198577612AD3E0580025F615 /* Sources */,
				198577622AD3E0580025F615 /* Frameworks */,
				198577632AD3E0580025F615 /* Resources */,
			);
			buildRules = (
			);
			dependencies = (
				198577672AD3E0580025F615 /* PBXTargetDependency */,
			);
			name = "Anime Movie AppTests";
			productName = "Anime Movie AppTests";
			productReference = 198577652AD3E0580025F615 /* Anime Movie AppTests.xctest */;
			productType = "com.apple.product-type.bundle.unit-test";
		};
/* End PBXNativeTarget section */

/* Begin PBXProject section */
		198577472AD3E0550025F615 /* Project object */ = {
			isa = PBXProject;
			attributes = {
				BuildIndependentTargetsInParallel = 1;
				LastSwiftUpdateCheck = 1500;
				LastUpgradeCheck = 1500;
				TargetAttributes = {
					1985774E2AD3E0550025F615 = {
						CreatedOnToolsVersion = 15.0;
					};
					198577642AD3E0580025F615 = {
						CreatedOnToolsVersion = 15.0;
						TestTargetID = 1985774E2AD3E0550025F615;
					};
				};
			};
			buildConfigurationList = 1985774A2AD3E0550025F615 /* Build configuration list for PBXProject "Anime Movie App" */;
			compatibilityVersion = "Xcode 14.0";
			developmentRegion = en;
			hasScannedForEncodings = 0;
			knownRegions = (
				en,
				Base,
			);
			mainGroup = 198577462AD3E0550025F615;
			productRefGroup = 198577502AD3E0550025F615 /* Products */;
			projectDirPath = "";
			projectRoot = "";
			targets = (
				1985774E2AD3E0550025F615 /* Anime Movie App */,
				198577642AD3E0580025F615 /* Anime Movie AppTests */,
			);
		};
/* End PBXProject section */

/* Begin PBXResourcesBuildPhase section */
		1985774D2AD3E0550025F615 /* Resources */ = {
			isa = PBXResourcesBuildPhase;
			buildActionMask = 2147483647;
			files = (
				1985775F2AD3E0570025F615 /* LaunchScreen.storyboard in Resources */,
				1985775C2AD3E0570025F615 /* Assets.xcassets in Resources */,
				198577882AD3E3AA0025F615 /* HomeViewController.xib in Resources */,
			);
			runOnlyForDeploymentPostprocessing = 0;
		};
		198577632AD3E0580025F615 /* Resources */ = {
			isa = PBXResourcesBuildPhase;
			buildActionMask = 2147483647;
			files = (
				19ADADAC2AD6AF7E00663A6E /* not_an_anime.json in Resources */,
				19ADADA42AD6896E00663A6E /* null.json in Resources */,
				19ADADA12AD674D100663A6E /* spirited_away.json in Resources */,
			);
			runOnlyForDeploymentPostprocessing = 0;
		};
/* End PBXResourcesBuildPhase section */

/* Begin PBXSourcesBuildPhase section */
		1985774B2AD3E0550025F615 /* Sources */ = {
			isa = PBXSourcesBuildPhase;
			buildActionMask = 2147483647;
			files = (
				19ADAD942AD56DE500663A6E /* Observable.swift in Sources */,
				19ADAD892AD5507300663A6E /* HomeViewModel.swift in Sources */,
				19ADAD872AD547E400663A6E /* String+Extension.swift in Sources */,
				19ADAD712AD51C0E00663A6E /* LocalizedError.swift in Sources */,
				19ADAD5F2AD4296800663A6E /* KitsuProvider.swift in Sources */,
				19ADAD7E2AD53FAD00663A6E /* Anime.swift in Sources */,
				19ADAD5D2AD4281600663A6E /* DataProvider.swift in Sources */,
				198577532AD3E0550025F615 /* AppDelegate.swift in Sources */,
				19ADAD6B2AD48DE600663A6E /* KitsuImage.swift in Sources */,
				19ADAD592AD426E500663A6E /* KitsuResponse.swift in Sources */,
				19ADAD842AD5447600663A6E /* KitsuRespository.swift in Sources */,
				19ADAD822AD542DD00663A6E /* AnimeRepository.swift in Sources */,
				19ADAD6F2AD491AA00663A6E /* JSONSchemaSupport.swift in Sources */,
				19ADAD612AD48BE700663A6E /* KitsuResult.swift in Sources */,
				1985778A2AD3EA2F0025F615 /* MainNavigationController.swift in Sources */,
				198577872AD3E3AA0025F615 /* HomeViewController.swift in Sources */,
				19ADAD632AD48C2A00663A6E /* KitsuAttributes.swift in Sources */,
				19ADAD6D2AD490A700663A6E /* KitsuExtras.swift in Sources */,
			);
			runOnlyForDeploymentPostprocessing = 0;
		};
		198577612AD3E0580025F615 /* Sources */ = {
			isa = PBXSourcesBuildPhase;
			buildActionMask = 2147483647;
			files = (
				19ADAD952AD56DE500663A6E /* Observable.swift in Sources */,
				19ADAD9E2AD66DCF00663A6E /* KitsuRepositoryTests.swift in Sources */,
				19ADAD7A2AD5255800663A6E /* JSONSchemaSupport.swift in Sources */,
				19ADAD742AD5250300663A6E /* LocalizedError.swift in Sources */,
				19ADAD9F2AD66DED00663A6E /* KitsuProvider.swift in Sources */,
				19ADAD762AD5254E00663A6E /* KitsuResult.swift in Sources */,
				19ADAD792AD5255600663A6E /* KitsuExtras.swift in Sources */,
				19ADAD732AD5250000663A6E /* DataProvider.swift in Sources */,
				19ADAD8A2AD555C900663A6E /* KitsuRespository.swift in Sources */,
				19ADAD752AD5250600663A6E /* KitsuResponse.swift in Sources */,
				19ADAD772AD5255000663A6E /* KitsuAttributes.swift in Sources */,
				19ADADA82AD69F8800663A6E /* MockDataProvider.swift in Sources */,
				19ADAD8C2AD5564000663A6E /* HomeViewModel.swift in Sources */,
				1985776A2AD3E0580025F615 /* Anime_Movie_AppTests.swift in Sources */,
				19ADAD8D2AD5567200663A6E /* Anime.swift in Sources */,
				19ADADA62AD69EFC00663A6E /* Anime+Extension.swift in Sources */,
				19ADADAA2AD6A23A00663A6E /* HomeViewModelTests.swift in Sources */,
				19ADAD782AD5255300663A6E /* KitsuImage.swift in Sources */,
				19ADAD8B2AD5563200663A6E /* AnimeRepository.swift in Sources */,
				19ADAD8F2AD5569800663A6E /* String+Extension.swift in Sources */,
			);
			runOnlyForDeploymentPostprocessing = 0;
		};
/* End PBXSourcesBuildPhase section */

/* Begin PBXTargetDependency section */
		198577672AD3E0580025F615 /* PBXTargetDependency */ = {
			isa = PBXTargetDependency;
			target = 1985774E2AD3E0550025F615 /* Anime Movie App */;
			targetProxy = 198577662AD3E0580025F615 /* PBXContainerItemProxy */;
		};
/* End PBXTargetDependency section */

/* Begin PBXVariantGroup section */
		1985775D2AD3E0570025F615 /* LaunchScreen.storyboard */ = {
			isa = PBXVariantGroup;
			children = (
				1985775E2AD3E0570025F615 /* Base */,
			);
			name = LaunchScreen.storyboard;
			sourceTree = "<group>";
		};
/* End PBXVariantGroup section */

/* Begin XCBuildConfiguration section */
		198577772AD3E0580025F615 /* Debug */ = {
			isa = XCBuildConfiguration;
			buildSettings = {
				ALWAYS_SEARCH_USER_PATHS = NO;
				ASSETCATALOG_COMPILER_GENERATE_SWIFT_ASSET_SYMBOL_EXTENSIONS = YES;
				CLANG_ANALYZER_NONNULL = YES;
				CLANG_ANALYZER_NUMBER_OBJECT_CONVERSION = YES_AGGRESSIVE;
				CLANG_CXX_LANGUAGE_STANDARD = "gnu++20";
				CLANG_ENABLE_MODULES = YES;
				CLANG_ENABLE_OBJC_ARC = YES;
				CLANG_ENABLE_OBJC_WEAK = YES;
				CLANG_WARN_BLOCK_CAPTURE_AUTORELEASING = YES;
				CLANG_WARN_BOOL_CONVERSION = YES;
				CLANG_WARN_COMMA = YES;
				CLANG_WARN_CONSTANT_CONVERSION = YES;
				CLANG_WARN_DEPRECATED_OBJC_IMPLEMENTATIONS = YES;
				CLANG_WARN_DIRECT_OBJC_ISA_USAGE = YES_ERROR;
				CLANG_WARN_DOCUMENTATION_COMMENTS = YES;
				CLANG_WARN_EMPTY_BODY = YES;
				CLANG_WARN_ENUM_CONVERSION = YES;
				CLANG_WARN_INFINITE_RECURSION = YES;
				CLANG_WARN_INT_CONVERSION = YES;
				CLANG_WARN_NON_LITERAL_NULL_CONVERSION = YES;
				CLANG_WARN_OBJC_IMPLICIT_RETAIN_SELF = YES;
				CLANG_WARN_OBJC_LITERAL_CONVERSION = YES;
				CLANG_WARN_OBJC_ROOT_CLASS = YES_ERROR;
				CLANG_WARN_QUOTED_INCLUDE_IN_FRAMEWORK_HEADER = YES;
				CLANG_WARN_RANGE_LOOP_ANALYSIS = YES;
				CLANG_WARN_STRICT_PROTOTYPES = YES;
				CLANG_WARN_SUSPICIOUS_MOVE = YES;
				CLANG_WARN_UNGUARDED_AVAILABILITY = YES_AGGRESSIVE;
				CLANG_WARN_UNREACHABLE_CODE = YES;
				CLANG_WARN__DUPLICATE_METHOD_MATCH = YES;
				COPY_PHASE_STRIP = NO;
				DEBUG_INFORMATION_FORMAT = dwarf;
				ENABLE_STRICT_OBJC_MSGSEND = YES;
				ENABLE_TESTABILITY = YES;
				ENABLE_USER_SCRIPT_SANDBOXING = YES;
				GCC_C_LANGUAGE_STANDARD = gnu17;
				GCC_DYNAMIC_NO_PIC = NO;
				GCC_NO_COMMON_BLOCKS = YES;
				GCC_OPTIMIZATION_LEVEL = 0;
				GCC_PREPROCESSOR_DEFINITIONS = (
					"DEBUG=1",
					"$(inherited)",
				);
				GCC_WARN_64_TO_32_BIT_CONVERSION = YES;
				GCC_WARN_ABOUT_RETURN_TYPE = YES_ERROR;
				GCC_WARN_UNDECLARED_SELECTOR = YES;
				GCC_WARN_UNINITIALIZED_AUTOS = YES_AGGRESSIVE;
				GCC_WARN_UNUSED_FUNCTION = YES;
				GCC_WARN_UNUSED_VARIABLE = YES;
				IPHONEOS_DEPLOYMENT_TARGET = 17.0;
				LOCALIZATION_PREFERS_STRING_CATALOGS = YES;
				MTL_ENABLE_DEBUG_INFO = INCLUDE_SOURCE;
				MTL_FAST_MATH = YES;
				ONLY_ACTIVE_ARCH = YES;
				SDKROOT = iphoneos;
				SWIFT_ACTIVE_COMPILATION_CONDITIONS = "DEBUG $(inherited)";
				SWIFT_OPTIMIZATION_LEVEL = "-Onone";
			};
			name = Debug;
		};
		198577782AD3E0580025F615 /* Release */ = {
			isa = XCBuildConfiguration;
			buildSettings = {
				ALWAYS_SEARCH_USER_PATHS = NO;
				ASSETCATALOG_COMPILER_GENERATE_SWIFT_ASSET_SYMBOL_EXTENSIONS = YES;
				CLANG_ANALYZER_NONNULL = YES;
				CLANG_ANALYZER_NUMBER_OBJECT_CONVERSION = YES_AGGRESSIVE;
				CLANG_CXX_LANGUAGE_STANDARD = "gnu++20";
				CLANG_ENABLE_MODULES = YES;
				CLANG_ENABLE_OBJC_ARC = YES;
				CLANG_ENABLE_OBJC_WEAK = YES;
				CLANG_WARN_BLOCK_CAPTURE_AUTORELEASING = YES;
				CLANG_WARN_BOOL_CONVERSION = YES;
				CLANG_WARN_COMMA = YES;
				CLANG_WARN_CONSTANT_CONVERSION = YES;
				CLANG_WARN_DEPRECATED_OBJC_IMPLEMENTATIONS = YES;
				CLANG_WARN_DIRECT_OBJC_ISA_USAGE = YES_ERROR;
				CLANG_WARN_DOCUMENTATION_COMMENTS = YES;
				CLANG_WARN_EMPTY_BODY = YES;
				CLANG_WARN_ENUM_CONVERSION = YES;
				CLANG_WARN_INFINITE_RECURSION = YES;
				CLANG_WARN_INT_CONVERSION = YES;
				CLANG_WARN_NON_LITERAL_NULL_CONVERSION = YES;
				CLANG_WARN_OBJC_IMPLICIT_RETAIN_SELF = YES;
				CLANG_WARN_OBJC_LITERAL_CONVERSION = YES;
				CLANG_WARN_OBJC_ROOT_CLASS = YES_ERROR;
				CLANG_WARN_QUOTED_INCLUDE_IN_FRAMEWORK_HEADER = YES;
				CLANG_WARN_RANGE_LOOP_ANALYSIS = YES;
				CLANG_WARN_STRICT_PROTOTYPES = YES;
				CLANG_WARN_SUSPICIOUS_MOVE = YES;
				CLANG_WARN_UNGUARDED_AVAILABILITY = YES_AGGRESSIVE;
				CLANG_WARN_UNREACHABLE_CODE = YES;
				CLANG_WARN__DUPLICATE_METHOD_MATCH = YES;
				COPY_PHASE_STRIP = NO;
				DEBUG_INFORMATION_FORMAT = "dwarf-with-dsym";
				ENABLE_NS_ASSERTIONS = NO;
				ENABLE_STRICT_OBJC_MSGSEND = YES;
				ENABLE_USER_SCRIPT_SANDBOXING = YES;
				GCC_C_LANGUAGE_STANDARD = gnu17;
				GCC_NO_COMMON_BLOCKS = YES;
				GCC_WARN_64_TO_32_BIT_CONVERSION = YES;
				GCC_WARN_ABOUT_RETURN_TYPE = YES_ERROR;
				GCC_WARN_UNDECLARED_SELECTOR = YES;
				GCC_WARN_UNINITIALIZED_AUTOS = YES_AGGRESSIVE;
				GCC_WARN_UNUSED_FUNCTION = YES;
				GCC_WARN_UNUSED_VARIABLE = YES;
				IPHONEOS_DEPLOYMENT_TARGET = 17.0;
				LOCALIZATION_PREFERS_STRING_CATALOGS = YES;
				MTL_ENABLE_DEBUG_INFO = NO;
				MTL_FAST_MATH = YES;
				SDKROOT = iphoneos;
				SWIFT_COMPILATION_MODE = wholemodule;
				VALIDATE_PRODUCT = YES;
			};
			name = Release;
		};
		1985777A2AD3E0580025F615 /* Debug */ = {
			isa = XCBuildConfiguration;
			buildSettings = {
				ASSETCATALOG_COMPILER_APPICON_NAME = AppIcon;
				ASSETCATALOG_COMPILER_GLOBAL_ACCENT_COLOR_NAME = AccentColor;
				CODE_SIGN_STYLE = Automatic;
				CURRENT_PROJECT_VERSION = 1;
				DEVELOPMENT_TEAM = 548723FHPZ;
				GENERATE_INFOPLIST_FILE = YES;
				INFOPLIST_FILE = "Anime Movie App/Info.plist";
				INFOPLIST_KEY_CFBundleDisplayName = Animovie;
				INFOPLIST_KEY_UIApplicationSupportsIndirectInputEvents = YES;
				INFOPLIST_KEY_UILaunchStoryboardName = LaunchScreen;
				INFOPLIST_KEY_UIMainStoryboardFile = "";
				INFOPLIST_KEY_UISupportedInterfaceOrientations = UIInterfaceOrientationPortrait;
				INFOPLIST_KEY_UISupportedInterfaceOrientations_iPad = "UIInterfaceOrientationLandscapeLeft UIInterfaceOrientationLandscapeRight UIInterfaceOrientationPortrait UIInterfaceOrientationPortraitUpsideDown";
				LD_RUNPATH_SEARCH_PATHS = (
					"$(inherited)",
					"@executable_path/Frameworks",
				);
				MARKETING_VERSION = 1.0;
				PRODUCT_BUNDLE_IDENTIFIER = "com.glucode-akha.animovie";
				PRODUCT_NAME = "$(TARGET_NAME)";
				SUPPORTED_PLATFORMS = "iphoneos iphonesimulator";
				SUPPORTS_MACCATALYST = NO;
				SUPPORTS_MAC_DESIGNED_FOR_IPHONE_IPAD = NO;
				SWIFT_EMIT_LOC_STRINGS = YES;
				SWIFT_VERSION = 5.0;
				TARGETED_DEVICE_FAMILY = 1;
			};
			name = Debug;
		};
		1985777B2AD3E0580025F615 /* Release */ = {
			isa = XCBuildConfiguration;
			buildSettings = {
				ASSETCATALOG_COMPILER_APPICON_NAME = AppIcon;
				ASSETCATALOG_COMPILER_GLOBAL_ACCENT_COLOR_NAME = AccentColor;
				CODE_SIGN_STYLE = Automatic;
				CURRENT_PROJECT_VERSION = 1;
				DEVELOPMENT_TEAM = 548723FHPZ;
				GENERATE_INFOPLIST_FILE = YES;
				INFOPLIST_FILE = "Anime Movie App/Info.plist";
				INFOPLIST_KEY_CFBundleDisplayName = Animovie;
				INFOPLIST_KEY_UIApplicationSupportsIndirectInputEvents = YES;
				INFOPLIST_KEY_UILaunchStoryboardName = LaunchScreen;
				INFOPLIST_KEY_UIMainStoryboardFile = "";
				INFOPLIST_KEY_UISupportedInterfaceOrientations = UIInterfaceOrientationPortrait;
				INFOPLIST_KEY_UISupportedInterfaceOrientations_iPad = "UIInterfaceOrientationLandscapeLeft UIInterfaceOrientationLandscapeRight UIInterfaceOrientationPortrait UIInterfaceOrientationPortraitUpsideDown";
				LD_RUNPATH_SEARCH_PATHS = (
					"$(inherited)",
					"@executable_path/Frameworks",
				);
				MARKETING_VERSION = 1.0;
				PRODUCT_BUNDLE_IDENTIFIER = "com.glucode-akha.animovie";
				PRODUCT_NAME = "$(TARGET_NAME)";
				SUPPORTED_PLATFORMS = "iphoneos iphonesimulator";
				SUPPORTS_MACCATALYST = NO;
				SUPPORTS_MAC_DESIGNED_FOR_IPHONE_IPAD = NO;
				SWIFT_EMIT_LOC_STRINGS = YES;
				SWIFT_VERSION = 5.0;
				TARGETED_DEVICE_FAMILY = 1;
			};
			name = Release;
		};
		1985777D2AD3E0580025F615 /* Debug */ = {
			isa = XCBuildConfiguration;
			buildSettings = {
				ALWAYS_EMBED_SWIFT_STANDARD_LIBRARIES = YES;
				BUNDLE_LOADER = "$(TEST_HOST)";
				CODE_SIGN_STYLE = Automatic;
				CURRENT_PROJECT_VERSION = 1;
				DEVELOPMENT_TEAM = 548723FHPZ;
				GENERATE_INFOPLIST_FILE = YES;
				IPHONEOS_DEPLOYMENT_TARGET = 17.0;
				MARKETING_VERSION = 1.0;
				PRODUCT_BUNDLE_IDENTIFIER = "com.glucode-akha.Anime-Movie-AppTests";
				PRODUCT_NAME = "$(TARGET_NAME)";
				SWIFT_EMIT_LOC_STRINGS = NO;
				SWIFT_VERSION = 5.0;
				TARGETED_DEVICE_FAMILY = "1,2";
				TEST_HOST = "$(BUILT_PRODUCTS_DIR)/Anime Movie App.app/$(BUNDLE_EXECUTABLE_FOLDER_PATH)/Anime Movie App";
			};
			name = Debug;
		};
		1985777E2AD3E0580025F615 /* Release */ = {
			isa = XCBuildConfiguration;
			buildSettings = {
				ALWAYS_EMBED_SWIFT_STANDARD_LIBRARIES = YES;
				BUNDLE_LOADER = "$(TEST_HOST)";
				CODE_SIGN_STYLE = Automatic;
				CURRENT_PROJECT_VERSION = 1;
				DEVELOPMENT_TEAM = 548723FHPZ;
				GENERATE_INFOPLIST_FILE = YES;
				IPHONEOS_DEPLOYMENT_TARGET = 17.0;
				MARKETING_VERSION = 1.0;
				PRODUCT_BUNDLE_IDENTIFIER = "com.glucode-akha.Anime-Movie-AppTests";
				PRODUCT_NAME = "$(TARGET_NAME)";
				SWIFT_EMIT_LOC_STRINGS = NO;
				SWIFT_VERSION = 5.0;
				TARGETED_DEVICE_FAMILY = "1,2";
				TEST_HOST = "$(BUILT_PRODUCTS_DIR)/Anime Movie App.app/$(BUNDLE_EXECUTABLE_FOLDER_PATH)/Anime Movie App";
			};
			name = Release;
		};
/* End XCBuildConfiguration section */

/* Begin XCConfigurationList section */
		1985774A2AD3E0550025F615 /* Build configuration list for PBXProject "Anime Movie App" */ = {
			isa = XCConfigurationList;
			buildConfigurations = (
				198577772AD3E0580025F615 /* Debug */,
				198577782AD3E0580025F615 /* Release */,
			);
			defaultConfigurationIsVisible = 0;
			defaultConfigurationName = Release;
		};
		198577792AD3E0580025F615 /* Build configuration list for PBXNativeTarget "Anime Movie App" */ = {
			isa = XCConfigurationList;
			buildConfigurations = (
				1985777A2AD3E0580025F615 /* Debug */,
				1985777B2AD3E0580025F615 /* Release */,
			);
			defaultConfigurationIsVisible = 0;
			defaultConfigurationName = Release;
		};
		1985777C2AD3E0580025F615 /* Build configuration list for PBXNativeTarget "Anime Movie AppTests" */ = {
			isa = XCConfigurationList;
			buildConfigurations = (
				1985777D2AD3E0580025F615 /* Debug */,
				1985777E2AD3E0580025F615 /* Release */,
			);
			defaultConfigurationIsVisible = 0;
			defaultConfigurationName = Release;
		};
/* End XCConfigurationList section */
	};
	rootObject = 198577472AD3E0550025F615 /* Project object */;
}
